
Microsoft Visual Studio Solution File, Format Version 12.00
# Visual Studio Version 17
VisualStudioVersion = 17.4.33213.308
MinimumVisualStudioVersion = 10.0.40219.1
Project("{2150E333-8FDC-42A3-9474-1A3956D46DE8}") = "CleanArch.Application", "CleanArch.Application", "{AE30A1BF-2F43-40EA-A88B-FD088551E0ED}"
EndProject
Project("{2150E333-8FDC-42A3-9474-1A3956D46DE8}") = "CleanArch.Domain", "CleanArch.Domain", "{1B0A79EB-A90E-4832-A038-E623712E6941}"
EndProject
Project("{2150E333-8FDC-42A3-9474-1A3956D46DE8}") = "CleanArch.Infra.IOC", "CleanArch.Infra.IOC", "{6919230B-C486-4060-84EB-1F4A7200E47D}"
EndProject
Project("{2150E333-8FDC-42A3-9474-1A3956D46DE8}") = "CleanArch.Infra.Data", "CleanArch.Infra.Data", "{15E5D7C4-F9EB-4176-841E-4779AA703FE4}"
EndProject
Project("{2150E333-8FDC-42A3-9474-1A3956D46DE8}") = "CleanArch.UI.mvc", "CleanArch.UI.mvc", "{51C2CDE4-EDFB-4515-BB78-2841DED14777}"
EndProject
Project("{FAE04EC0-301F-11D3-BF4B-00C04F79EFBC}") = "CleanArch.mvc", "CleanArch.mvc\CleanArch.mvc.csproj", "{97201124-CC9E-4CF2-B111-4C167EC08898}"
EndProject
Global
	GlobalSection(SolutionConfigurationPlatforms) = preSolution
		Debug|Any CPU = Debug|Any CPU
		Release|Any CPU = Release|Any CPU
	EndGlobalSection
	GlobalSection(ProjectConfigurationPlatforms) = postSolution
		{97201124-CC9E-4CF2-B111-4C167EC08898}.Debug|Any CPU.ActiveCfg = Debug|Any CPU
		{97201124-CC9E-4CF2-B111-4C167EC08898}.Debug|Any CPU.Build.0 = Debug|Any CPU
		{97201124-CC9E-4CF2-B111-4C167EC08898}.Release|Any CPU.ActiveCfg = Release|Any CPU
		{97201124-CC9E-4CF2-B111-4C167EC08898}.Release|Any CPU.Build.0 = Release|Any CPU
	EndGlobalSection
	GlobalSection(SolutionProperties) = preSolution
		HideSolutionNode = FALSE
	EndGlobalSection
	GlobalSection(NestedProjects) = preSolution
		{97201124-CC9E-4CF2-B111-4C167EC08898} = {51C2CDE4-EDFB-4515-BB78-2841DED14777}
	EndGlobalSection
	GlobalSection(ExtensibilityGlobals) = postSolution
		SolutionGuid = {9D9B69C0-A4AD-4A19-8F29-35BCA39308EF}
	EndGlobalSection
EndGlobal
